
Microsoft Visual Studio Solution File, Format Version 12.00
# Visual Studio 14
VisualStudioVersion = 14.0.24720.0
MinimumVisualStudioVersion = 10.0.40219.1
Project("{FAE04EC0-301F-11D3-BF4B-00C04F79EFBC}") = "TestAPP", "TestAPP\TestAPP.csproj", "{8FE0FB65-051B-46C7-B438-8A5DD8F751C4}"
EndProject
Global
	GlobalSection(SolutionConfigurationPlatforms) = preSolution
		Debug|Any CPU = Debug|Any CPU
		Release|Any CPU = Release|Any CPU
	EndGlobalSection
	GlobalSection(ProjectConfigurationPlatforms) = postSolution
		{8FE0FB65-051B-46C7-B438-8A5DD8F751C4}.Debug|Any CPU.ActiveCfg = Debug|Any CPU
		{8FE0FB65-051B-46C7-B438-8A5DD8F751C4}.Debug|Any CPU.Build.0 = Debug|Any CPU
		{8FE0FB65-051B-46C7-B438-8A5DD8F751C4}.Release|Any CPU.ActiveCfg = Release|Any CPU
		{8FE0FB65-051B-46C7-B438-8A5DD8F751C4}.Release|Any CPU.Build.0 = Release|Any CPU
	EndGlobalSection
	GlobalSection(SolutionProperties) = preSolution
		HideSolutionNode = FALSE
	EndGlobalSection
EndGlobal
